[[package]]
name = "autopep8"
version = "2.0.1"
description = "A tool that automatically formats Python code to conform to the PEP 8 style guide"
category = "dev"
optional = false
python-versions = ">=3.6"

[package.dependencies]
pycodestyle = ">=2.10.0"
tomli = {version = "*", markers = "python_version < \"3.11\""}

[[package]]
name = "djitellopy-reduced"
version = "2.4.0"
description = "Tello drone library including support for video streaming, swarms, state packets and more. Removed unnecessary functions to reduce dependencies."
category = "main"
optional = false
python-versions = ">=3.8"

[[package]]
name = "pycodestyle"
version = "2.10.0"
description = "Python style guide checker"
category = "dev"
optional = false
python-versions = ">=3.6"

[[package]]
name = "python-dotenv"
version = "0.21.1"
description = "Read key-value pairs from a .env file and set them as environment variables"
category = "main"
optional = false
python-versions = ">=3.7"

[package.extras]
cli = ["click (>=5.0)"]

[[package]]
name = "tomli"
version = "2.0.1"
description = "A lil' TOML parser"
category = "dev"
optional = false
python-versions = ">=3.7"

[metadata]
lock-version = "1.1"
python-versions = "^3.10"
content-hash = "d4e226cb33e167f9012d5ceb146e01cf19546fc1c475c9c75102c9d57192aada"

[metadata.files]
autopep8 = []
djitellopy-reduced = []
pycodestyle = []
python-dotenv = []
tomli = []
